// !$*UTF8*$!
{
	archiveVersion = 1;
	classes = {
	};
	objectVersion = 55;
	objects = {

/* Begin PBXBuildFile section */
		BA0C006828E0E88D0027FF4A /* AddCardForm.swift in Sources */ = {isa = PBXBuildFile; fileRef = BA0C006728E0E88D0027FF4A /* AddCardForm.swift */; };
		BA32845F295CE42D00A737A1 /* AdTransactionForm.swift in Sources */ = {isa = PBXBuildFile; fileRef = BA32845E295CE42D00A737A1 /* AdTransactionForm.swift */; };
		BA81D4912896D90C00168BC6 /* Spending_TrackerApp.swift in Sources */ = {isa = PBXBuildFile; fileRef = BA81D4902896D90C00168BC6 /* Spending_TrackerApp.swift */; };
		BA81D4932896D90C00168BC6 /* ContentView.swift in Sources */ = {isa = PBXBuildFile; fileRef = BA81D4922896D90C00168BC6 /* ContentView.swift */; };
		BA81D4952896D91000168BC6 /* Assets.xcassets in Resources */ = {isa = PBXBuildFile; fileRef = BA81D4942896D91000168BC6 /* Assets.xcassets */; };
		BA81D4982896D91000168BC6 /* Preview Assets.xcassets in Resources */ = {isa = PBXBuildFile; fileRef = BA81D4972896D91000168BC6 /* Preview Assets.xcassets */; };
		BA81D49A2896D91000168BC6 /* Persistence.swift in Sources */ = {isa = PBXBuildFile; fileRef = BA81D4992896D91000168BC6 /* Persistence.swift */; };
		BA81D49D2896D91000168BC6 /* Spending_Tracker.xcdatamodeld in Sources */ = {isa = PBXBuildFile; fileRef = BA81D49B2896D91000168BC6 /* Spending_Tracker.xcdatamodeld */; };
		BA81D4A52896D9BB00168BC6 /* MainView.swift in Sources */ = {isa = PBXBuildFile; fileRef = BA81D4A42896D9BB00168BC6 /* MainView.swift */; };
/* End PBXBuildFile section */

/* Begin PBXFileReference section */
		BA0C006728E0E88D0027FF4A /* AddCardForm.swift */ = {isa = PBXFileReference; lastKnownFileType = sourcecode.swift; path = AddCardForm.swift; sourceTree = "<group>"; };
		BA32845E295CE42D00A737A1 /* AdTransactionForm.swift */ = {isa = PBXFileReference; lastKnownFileType = sourcecode.swift; path = AdTransactionForm.swift; sourceTree = "<group>"; };
		BA81D48D2896D90C00168BC6 /* Spending Tracker.app */ = {isa = PBXFileReference; explicitFileType = wrapper.application; includeInIndex = 0; path = "Spending Tracker.app"; sourceTree = BUILT_PRODUCTS_DIR; };
		BA81D4902896D90C00168BC6 /* Spending_TrackerApp.swift */ = {isa = PBXFileReference; lastKnownFileType = sourcecode.swift; path = Spending_TrackerApp.swift; sourceTree = "<group>"; };
		BA81D4922896D90C00168BC6 /* ContentView.swift */ = {isa = PBXFileReference; lastKnownFileType = sourcecode.swift; path = ContentView.swift; sourceTree = "<group>"; };
		BA81D4942896D91000168BC6 /* Assets.xcassets */ = {isa = PBXFileReference; lastKnownFileType = folder.assetcatalog; path = Assets.xcassets; sourceTree = "<group>"; };
		BA81D4972896D91000168BC6 /* Preview Assets.xcassets */ = {isa = PBXFileReference; lastKnownFileType = folder.assetcatalog; path = "Preview Assets.xcassets"; sourceTree = "<group>"; };
		BA81D4992896D91000168BC6 /* Persistence.swift */ = {isa = PBXFileReference; lastKnownFileType = sourcecode.swift; path = Persistence.swift; sourceTree = "<group>"; };
		BA81D49C2896D91000168BC6 /* Spending_Tracker.xcdatamodel */ = {isa = PBXFileReference; lastKnownFileType = wrapper.xcdatamodel; path = Spending_Tracker.xcdatamodel; sourceTree = "<group>"; };
		BA81D4A42896D9BB00168BC6 /* MainView.swift */ = {isa = PBXFileReference; lastKnownFileType = sourcecode.swift; path = MainView.swift; sourceTree = "<group>"; };
/* End PBXFileReference section */

/* Begin PBXFrameworksBuildPhase section */
		BA81D48A2896D90C00168BC6 /* Frameworks */ = {
			isa = PBXFrameworksBuildPhase;
			buildActionMask = 2147483647;
			files = (
			);
			runOnlyForDeploymentPostprocessing = 0;
		};
/* End PBXFrameworksBuildPhase section */

/* Begin PBXGroup section */
		BA32845C295CE41100A737A1 /* Transaction */ = {
			isa = PBXGroup;
			children = (
				BA32845E295CE42D00A737A1 /* AdTransactionForm.swift */,
			);
			path = Transaction;
			sourceTree = "<group>";
		};
		BA32845D295CE41E00A737A1 /* Card */ = {
			isa = PBXGroup;
			children = (
				BA0C006728E0E88D0027FF4A /* AddCardForm.swift */,
			);
			path = Card;
			sourceTree = "<group>";
		};
		BA81D4842896D90C00168BC6 = {
			isa = PBXGroup;
			children = (
				BA81D48F2896D90C00168BC6 /* Spending Tracker */,
				BA81D48E2896D90C00168BC6 /* Products */,
			);
			sourceTree = "<group>";
		};
		BA81D48E2896D90C00168BC6 /* Products */ = {
			isa = PBXGroup;
			children = (
				BA81D48D2896D90C00168BC6 /* Spending Tracker.app */,
			);
			name = Products;
			sourceTree = "<group>";
		};
		BA81D48F2896D90C00168BC6 /* Spending Tracker */ = {
			isa = PBXGroup;
			children = (
				BA81D4A32896D9AA00168BC6 /* Main */,
				BA81D4902896D90C00168BC6 /* Spending_TrackerApp.swift */,
				BA81D4922896D90C00168BC6 /* ContentView.swift */,
				BA81D4942896D91000168BC6 /* Assets.xcassets */,
				BA81D4992896D91000168BC6 /* Persistence.swift */,
				BA81D49B2896D91000168BC6 /* Spending_Tracker.xcdatamodeld */,
				BA81D4962896D91000168BC6 /* Preview Content */,
			);
			path = "Spending Tracker";
			sourceTree = "<group>";
		};
		BA81D4962896D91000168BC6 /* Preview Content */ = {
			isa = PBXGroup;
			children = (
				BA81D4972896D91000168BC6 /* Preview Assets.xcassets */,
			);
			path = "Preview Content";
			sourceTree = "<group>";
		};
		BA81D4A32896D9AA00168BC6 /* Main */ = {
			isa = PBXGroup;
			children = (
				BA32845D295CE41E00A737A1 /* Card */,
				BA32845C295CE41100A737A1 /* Transaction */,
				BA81D4A42896D9BB00168BC6 /* MainView.swift */,
			);
			path = Main;
			sourceTree = "<group>";
		};
/* End PBXGroup section */

/* Begin PBXNativeTarget section */
		BA81D48C2896D90C00168BC6 /* Spending Tracker */ = {
			isa = PBXNativeTarget;
			buildConfigurationList = BA81D4A02896D91000168BC6 /* Build configuration list for PBXNativeTarget "Spending Tracker" */;
			buildPhases = (
				BA81D4892896D90C00168BC6 /* Sources */,
				BA81D48A2896D90C00168BC6 /* Frameworks */,
				BA81D48B2896D90C00168BC6 /* Resources */,
			);
			buildRules = (
			);
			dependencies = (
			);
			name = "Spending Tracker";
			productName = "Spending Tracker";
			productReference = BA81D48D2896D90C00168BC6 /* Spending Tracker.app */;
			productType = "com.apple.product-type.application";
		};
/* End PBXNativeTarget section */

/* Begin PBXProject section */
		BA81D4852896D90C00168BC6 /* Project object */ = {
			isa = PBXProject;
			attributes = {
				BuildIndependentTargetsInParallel = 1;
				LastSwiftUpdateCheck = 1340;
				LastUpgradeCheck = 1340;
				TargetAttributes = {
					BA81D48C2896D90C00168BC6 = {
						CreatedOnToolsVersion = 13.4.1;
					};
				};
			};
			buildConfigurationList = BA81D4882896D90C00168BC6 /* Build configuration list for PBXProject "Spending Tracker" */;
			compatibilityVersion = "Xcode 13.0";
			developmentRegion = en;
			hasScannedForEncodings = 0;
			knownRegions = (
				en,
				Base,
			);
			mainGroup = BA81D4842896D90C00168BC6;
			productRefGroup = BA81D48E2896D90C00168BC6 /* Products */;
			projectDirPath = "";
			projectRoot = "";
			targets = (
				BA81D48C2896D90C00168BC6 /* Spending Tracker */,
			);
		};
/* End PBXProject section */

/* Begin PBXResourcesBuildPhase section */
		BA81D48B2896D90C00168BC6 /* Resources */ = {
			isa = PBXResourcesBuildPhase;
			buildActionMask = 2147483647;
			files = (
				BA81D4982896D91000168BC6 /* Preview Assets.xcassets in Resources */,
				BA81D4952896D91000168BC6 /* Assets.xcassets in Resources */,
			);
			runOnlyForDeploymentPostprocessing = 0;
		};
/* End PBXResourcesBuildPhase section */

/* Begin PBXSourcesBuildPhase section */
		BA81D4892896D90C00168BC6 /* Sources */ = {
			isa = PBXSourcesBuildPhase;
			buildActionMask = 2147483647;
			files = (
				BA81D49D2896D91000168BC6 /* Spending_Tracker.xcdatamodeld in Sources */,
				BA0C006828E0E88D0027FF4A /* AddCardForm.swift in Sources */,
				BA81D49A2896D91000168BC6 /* Persistence.swift in Sources */,
				BA81D4932896D90C00168BC6 /* ContentView.swift in Sources */,
				BA81D4A52896D9BB00168BC6 /* MainView.swift in Sources */,
				BA81D4912896D90C00168BC6 /* Spending_TrackerApp.swift in Sources */,
				BA32845F295CE42D00A737A1 /* AdTransactionForm.swift in Sources */,
			);
			runOnlyForDeploymentPostprocessing = 0;
		};
/* End PBXSourcesBuildPhase section */

/* Begin XCBuildConfiguration section */
		BA81D49E2896D91000168BC6 /* Debug */ = {
			isa = XCBuildConfiguration;
			buildSettings = {
				ALWAYS_SEARCH_USER_PATHS = NO;
				CLANG_ANALYZER_NONNULL = YES;
				CLANG_ANALYZER_NUMBER_OBJECT_CONVERSION = YES_AGGRESSIVE;
				CLANG_CXX_LANGUAGE_STANDARD = "gnu++17";
				CLANG_ENABLE_MODULES = YES;
				CLANG_ENABLE_OBJC_ARC = YES;
				CLANG_ENABLE_OBJC_WEAK = YES;
				CLANG_WARN_BLOCK_CAPTURE_AUTORELEASING = YES;
				CLANG_WARN_BOOL_CONVERSION = YES;
				CLANG_WARN_COMMA = YES;
				CLANG_WARN_CONSTANT_CONVERSION = YES;
				CLANG_WARN_DEPRECATED_OBJC_IMPLEMENTATIONS = YES;
				CLANG_WARN_DIRECT_OBJC_ISA_USAGE = YES_ERROR;
				CLANG_WARN_DOCUMENTATION_COMMENTS = YES;
				CLANG_WARN_EMPTY_BODY = YES;
				CLANG_WARN_ENUM_CONVERSION = YES;
				CLANG_WARN_INFINITE_RECURSION = YES;
				CLANG_WARN_INT_CONVERSION = YES;
				CLANG_WARN_NON_LITERAL_NULL_CONVERSION = YES;
				CLANG_WARN_OBJC_IMPLICIT_RETAIN_SELF = YES;
				CLANG_WARN_OBJC_LITERAL_CONVERSION = YES;
				CLANG_WARN_OBJC_ROOT_CLASS = YES_ERROR;
				CLANG_WARN_QUOTED_INCLUDE_IN_FRAMEWORK_HEADER = YES;
				CLANG_WARN_RANGE_LOOP_ANALYSIS = YES;
				CLANG_WARN_STRICT_PROTOTYPES = YES;
				CLANG_WARN_SUSPICIOUS_MOVE = YES;
				CLANG_WARN_UNGUARDED_AVAILABILITY = YES_AGGRESSIVE;
				CLANG_WARN_UNREACHABLE_CODE = YES;
				CLANG_WARN__DUPLICATE_METHOD_MATCH = YES;
				COPY_PHASE_STRIP = NO;
				DEBUG_INFORMATION_FORMAT = dwarf;
				ENABLE_STRICT_OBJC_MSGSEND = YES;
				ENABLE_TESTABILITY = YES;
				GCC_C_LANGUAGE_STANDARD = gnu11;
				GCC_DYNAMIC_NO_PIC = NO;
				GCC_NO_COMMON_BLOCKS = YES;
				GCC_OPTIMIZATION_LEVEL = 0;
				GCC_PREPROCESSOR_DEFINITIONS = (
					"DEBUG=1",
					"$(inherited)",
				);
				GCC_WARN_64_TO_32_BIT_CONVERSION = YES;
				GCC_WARN_ABOUT_RETURN_TYPE = YES_ERROR;
				GCC_WARN_UNDECLARED_SELECTOR = YES;
				GCC_WARN_UNINITIALIZED_AUTOS = YES_AGGRESSIVE;
				GCC_WARN_UNUSED_FUNCTION = YES;
				GCC_WARN_UNUSED_VARIABLE = YES;
				IPHONEOS_DEPLOYMENT_TARGET = 15.5;
				MTL_ENABLE_DEBUG_INFO = INCLUDE_SOURCE;
				MTL_FAST_MATH = YES;
				ONLY_ACTIVE_ARCH = YES;
				SDKROOT = iphoneos;
				SWIFT_ACTIVE_COMPILATION_CONDITIONS = DEBUG;
				SWIFT_OPTIMIZATION_LEVEL = "-Onone";
			};
			name = Debug;
		};
		BA81D49F2896D91000168BC6 /* Release */ = {
			isa = XCBuildConfiguration;
			buildSettings = {
				ALWAYS_SEARCH_USER_PATHS = NO;
				CLANG_ANALYZER_NONNULL = YES;
				CLANG_ANALYZER_NUMBER_OBJECT_CONVERSION = YES_AGGRESSIVE;
				CLANG_CXX_LANGUAGE_STANDARD = "gnu++17";
				CLANG_ENABLE_MODULES = YES;
				CLANG_ENABLE_OBJC_ARC = YES;
				CLANG_ENABLE_OBJC_WEAK = YES;
				CLANG_WARN_BLOCK_CAPTURE_AUTORELEASING = YES;
				CLANG_WARN_BOOL_CONVERSION = YES;
				CLANG_WARN_COMMA = YES;
				CLANG_WARN_CONSTANT_CONVERSION = YES;
				CLANG_WARN_DEPRECATED_OBJC_IMPLEMENTATIONS = YES;
				CLANG_WARN_DIRECT_OBJC_ISA_USAGE = YES_ERROR;
				CLANG_WARN_DOCUMENTATION_COMMENTS = YES;
				CLANG_WARN_EMPTY_BODY = YES;
				CLANG_WARN_ENUM_CONVERSION = YES;
				CLANG_WARN_INFINITE_RECURSION = YES;
				CLANG_WARN_INT_CONVERSION = YES;
				CLANG_WARN_NON_LITERAL_NULL_CONVERSION = YES;
				CLANG_WARN_OBJC_IMPLICIT_RETAIN_SELF = YES;
				CLANG_WARN_OBJC_LITERAL_CONVERSION = YES;
				CLANG_WARN_OBJC_ROOT_CLASS = YES_ERROR;
				CLANG_WARN_QUOTED_INCLUDE_IN_FRAMEWORK_HEADER = YES;
				CLANG_WARN_RANGE_LOOP_ANALYSIS = YES;
				CLANG_WARN_STRICT_PROTOTYPES = YES;
				CLANG_WARN_SUSPICIOUS_MOVE = YES;
				CLANG_WARN_UNGUARDED_AVAILABILITY = YES_AGGRESSIVE;
				CLANG_WARN_UNREACHABLE_CODE = YES;
				CLANG_WARN__DUPLICATE_METHOD_MATCH = YES;
				COPY_PHASE_STRIP = NO;
				DEBUG_INFORMATION_FORMAT = "dwarf-with-dsym";
				ENABLE_NS_ASSERTIONS = NO;
				ENABLE_STRICT_OBJC_MSGSEND = YES;
				GCC_C_LANGUAGE_STANDARD = gnu11;
				GCC_NO_COMMON_BLOCKS = YES;
				GCC_WARN_64_TO_32_BIT_CONVERSION = YES;
				GCC_WARN_ABOUT_RETURN_TYPE = YES_ERROR;
				GCC_WARN_UNDECLARED_SELECTOR = YES;
				GCC_WARN_UNINITIALIZED_AUTOS = YES_AGGRESSIVE;
				GCC_WARN_UNUSED_FUNCTION = YES;
				GCC_WARN_UNUSED_VARIABLE = YES;
				IPHONEOS_DEPLOYMENT_TARGET = 15.5;
				MTL_ENABLE_DEBUG_INFO = NO;
				MTL_FAST_MATH = YES;
				SDKROOT = iphoneos;
				SWIFT_COMPILATION_MODE = wholemodule;
				SWIFT_OPTIMIZATION_LEVEL = "-O";
				VALIDATE_PRODUCT = YES;
			};
			name = Release;
		};
		BA81D4A12896D91000168BC6 /* Debug */ = {
			isa = XCBuildConfiguration;
			buildSettings = {
				ASSETCATALOG_COMPILER_APPICON_NAME = AppIcon;
				ASSETCATALOG_COMPILER_GLOBAL_ACCENT_COLOR_NAME = AccentColor;
				CODE_SIGN_STYLE = Automatic;
				CURRENT_PROJECT_VERSION = 1;
				DEVELOPMENT_ASSET_PATHS = "\"Spending Tracker/Preview Content\"";
				ENABLE_PREVIEWS = YES;
				GENERATE_INFOPLIST_FILE = YES;
				INFOPLIST_KEY_UIApplicationSceneManifest_Generation = YES;
				INFOPLIST_KEY_UIApplicationSupportsIndirectInputEvents = YES;
				INFOPLIST_KEY_UILaunchScreen_Generation = YES;
				INFOPLIST_KEY_UISupportedInterfaceOrientations_iPad = "UIInterfaceOrientationPortrait UIInterfaceOrientationPortraitUpsideDown UIInterfaceOrientationLandscapeLeft UIInterfaceOrientationLandscapeRight";
				INFOPLIST_KEY_UISupportedInterfaceOrientations_iPhone = "UIInterfaceOrientationPortrait UIInterfaceOrientationLandscapeLeft UIInterfaceOrientationLandscapeRight";
				LD_RUNPATH_SEARCH_PATHS = (
					"$(inherited)",
					"@executable_path/Frameworks",
				);
				MARKETING_VERSION = 1.0;
				PRODUCT_BUNDLE_IDENTIFIER = "com.marioelo.Spending-Tracker";
				PRODUCT_NAME = "$(TARGET_NAME)";
				SWIFT_EMIT_LOC_STRINGS = YES;
				SWIFT_VERSION = 5.0;
				TARGETED_DEVICE_FAMILY = "1,2";
			};
			name = Debug;
		};
		BA81D4A22896D91000168BC6 /* Release */ = {
			isa = XCBuildConfiguration;
			buildSettings = {
				ASSETCATALOG_COMPILER_APPICON_NAME = AppIcon;
				ASSETCATALOG_COMPILER_GLOBAL_ACCENT_COLOR_NAME = AccentColor;
				CODE_SIGN_STYLE = Automatic;
				CURRENT_PROJECT_VERSION = 1;
				DEVELOPMENT_ASSET_PATHS = "\"Spending Tracker/Preview Content\"";
				ENABLE_PREVIEWS = YES;
				GENERATE_INFOPLIST_FILE = YES;
				INFOPLIST_KEY_UIApplicationSceneManifest_Generation = YES;
				INFOPLIST_KEY_UIApplicationSupportsIndirectInputEvents = YES;
				INFOPLIST_KEY_UILaunchScreen_Generation = YES;
				INFOPLIST_KEY_UISupportedInterfaceOrientations_iPad = "UIInterfaceOrientationPortrait UIInterfaceOrientationPortraitUpsideDown UIInterfaceOrientationLandscapeLeft UIInterfaceOrientationLandscapeRight";
				INFOPLIST_KEY_UISupportedInterfaceOrientations_iPhone = "UIInterfaceOrientationPortrait UIInterfaceOrientationLandscapeLeft UIInterfaceOrientationLandscapeRight";
				LD_RUNPATH_SEARCH_PATHS = (
					"$(inherited)",
					"@executable_path/Frameworks",
				);
				MARKETING_VERSION = 1.0;
				PRODUCT_BUNDLE_IDENTIFIER = "com.marioelo.Spending-Tracker";
				PRODUCT_NAME = "$(TARGET_NAME)";
				SWIFT_EMIT_LOC_STRINGS = YES;
				SWIFT_VERSION = 5.0;
				TARGETED_DEVICE_FAMILY = "1,2";
			};
			name = Release;
		};
/* End XCBuildConfiguration section */

/* Begin XCConfigurationList section */
		BA81D4882896D90C00168BC6 /* Build configuration list for PBXProject "Spending Tracker" */ = {
			isa = XCConfigurationList;
			buildConfigurations = (
				BA81D49E2896D91000168BC6 /* Debug */,
				BA81D49F2896D91000168BC6 /* Release */,
			);
			defaultConfigurationIsVisible = 0;
			defaultConfigurationName = Release;
		};
		BA81D4A02896D91000168BC6 /* Build configuration list for PBXNativeTarget "Spending Tracker" */ = {
			isa = XCConfigurationList;
			buildConfigurations = (
				BA81D4A12896D91000168BC6 /* Debug */,
				BA81D4A22896D91000168BC6 /* Release */,
			);
			defaultConfigurationIsVisible = 0;
			defaultConfigurationName = Release;
		};
/* End XCConfigurationList section */

/* Begin XCVersionGroup section */
		BA81D49B2896D91000168BC6 /* Spending_Tracker.xcdatamodeld */ = {
			isa = XCVersionGroup;
			children = (
				BA81D49C2896D91000168BC6 /* Spending_Tracker.xcdatamodel */,
			);
			currentVersion = BA81D49C2896D91000168BC6 /* Spending_Tracker.xcdatamodel */;
			path = Spending_Tracker.xcdatamodeld;
			sourceTree = "<group>";
			versionGroupType = wrapper.xcdatamodel;
		};
/* End XCVersionGroup section */
	};
	rootObject = BA81D4852896D90C00168BC6 /* Project object */;
}
